{
  "object": {
    "pins": [
      {
        "package": "swift-collections",
        "repositoryURL": "https://github.com/apple/swift-collections.git",
        "state": {
          "branch": null,
          "revision": "48254824bb4248676bf7ce56014ff57b142b77eb",
          "version": "1.0.2"
        }
      },
      {
        "package": "swift-snowflake",
        "repositoryURL": "https://github.com/sinoru/swift-snowflake",
        "state": {
          "branch": "develop",
          "revision": "71287b7909e252e01b1cb7f8b0c3efc8ccd41387",
          "version": null
        }
      }
    ]
  },
  "version": 1
}
